
Microsoft Visual Studio Solution File, Format Version 12.00
# Visual Studio Version 18
VisualStudioVersion = 18.0.11217.181
MinimumVisualStudioVersion = 10.0.40219.1
Project("{2150E333-8FDC-42A3-9474-1A3956D46DE8}") = "Solution Items", "Solution Items", "{D194D24D-D68B-4E0A-BFBC-96E89CFB735C}"
	ProjectSection(SolutionItems) = preProject
		.gitignore = .gitignore
	EndProjectSection
EndProject
Project("{FAE04EC0-301F-11D3-BF4B-00C04F79EFBC}") = "EnglishApp.ApplicationCore", "EnglishApp.ApplicationCore\EnglishApp.ApplicationCore.csproj", "{FAB7749A-4BD7-55AC-D5AD-6C0C92B60CF4}"
EndProject
Project("{FAE04EC0-301F-11D3-BF4B-00C04F79EFBC}") = "EnglishApp.BusinessLogic", "EnglishApp.BusinessLogic\EnglishApp.BusinessLogic.csproj", "{7206C83D-B737-A846-D94E-1B7B9F7CD7AA}"
EndProject
Project("{FAE04EC0-301F-11D3-BF4B-00C04F79EFBC}") = "EnglishApp.Infrastructure", "EnglishApp.Infrastructure\EnglishApp.Infrastructure.csproj", "{C467A1BB-EF5A-DA93-A83F-C809880CD0B3}"
EndProject
Project("{FAE04EC0-301F-11D3-BF4B-00C04F79EFBC}") = "EnglishApp.MVC", "EnglishApp.MVC\EnglishApp.MVC.csproj", "{2AF89C7C-4FAB-72A5-279E-A5FFCA0280CE}"
EndProject
Project("{FAE04EC0-301F-11D3-BF4B-00C04F79EFBC}") = "EnglishApp.API", "EnglishApp.API\EnglishApp.API.csproj", "{D32863FE-C053-4C7F-96E8-267FC82A603F}"
EndProject
Project("{E53339B2-1760-4266-BCC7-CA923CBCF16C}") = "docker-compose", "docker-compose.dcproj", "{81DDED9D-158B-E303-5F62-77A2896D2A5A}"
EndProject
Global
	GlobalSection(SolutionConfigurationPlatforms) = preSolution
		Debug|Any CPU = Debug|Any CPU
		Debug|x64 = Debug|x64
		Debug|x86 = Debug|x86
		Release|Any CPU = Release|Any CPU
		Release|x64 = Release|x64
		Release|x86 = Release|x86
	EndGlobalSection
	GlobalSection(ProjectConfigurationPlatforms) = postSolution
		{FAB7749A-4BD7-55AC-D5AD-6C0C92B60CF4}.Debug|Any CPU.ActiveCfg = Debug|Any CPU
		{FAB7749A-4BD7-55AC-D5AD-6C0C92B60CF4}.Debug|Any CPU.Build.0 = Debug|Any CPU
		{FAB7749A-4BD7-55AC-D5AD-6C0C92B60CF4}.Debug|x64.ActiveCfg = Debug|Any CPU
		{FAB7749A-4BD7-55AC-D5AD-6C0C92B60CF4}.Debug|x64.Build.0 = Debug|Any CPU
		{FAB7749A-4BD7-55AC-D5AD-6C0C92B60CF4}.Debug|x86.ActiveCfg = Debug|Any CPU
		{FAB7749A-4BD7-55AC-D5AD-6C0C92B60CF4}.Debug|x86.Build.0 = Debug|Any CPU
		{FAB7749A-4BD7-55AC-D5AD-6C0C92B60CF4}.Release|Any CPU.ActiveCfg = Release|Any CPU
		{FAB7749A-4BD7-55AC-D5AD-6C0C92B60CF4}.Release|Any CPU.Build.0 = Release|Any CPU
		{FAB7749A-4BD7-55AC-D5AD-6C0C92B60CF4}.Release|x64.ActiveCfg = Release|Any CPU
		{FAB7749A-4BD7-55AC-D5AD-6C0C92B60CF4}.Release|x64.Build.0 = Release|Any CPU
		{FAB7749A-4BD7-55AC-D5AD-6C0C92B60CF4}.Release|x86.ActiveCfg = Release|Any CPU
		{FAB7749A-4BD7-55AC-D5AD-6C0C92B60CF4}.Release|x86.Build.0 = Release|Any CPU
		{7206C83D-B737-A846-D94E-1B7B9F7CD7AA}.Debug|Any CPU.ActiveCfg = Debug|Any CPU
		{7206C83D-B737-A846-D94E-1B7B9F7CD7AA}.Debug|Any CPU.Build.0 = Debug|Any CPU
		{7206C83D-B737-A846-D94E-1B7B9F7CD7AA}.Debug|x64.ActiveCfg = Debug|Any CPU
		{7206C83D-B737-A846-D94E-1B7B9F7CD7AA}.Debug|x64.Build.0 = Debug|Any CPU
		{7206C83D-B737-A846-D94E-1B7B9F7CD7AA}.Debug|x86.ActiveCfg = Debug|Any CPU
		{7206C83D-B737-A846-D94E-1B7B9F7CD7AA}.Debug|x86.Build.0 = Debug|Any CPU
		{7206C83D-B737-A846-D94E-1B7B9F7CD7AA}.Release|Any CPU.ActiveCfg = Release|Any CPU
		{7206C83D-B737-A846-D94E-1B7B9F7CD7AA}.Release|Any CPU.Build.0 = Release|Any CPU
		{7206C83D-B737-A846-D94E-1B7B9F7CD7AA}.Release|x64.ActiveCfg = Release|Any CPU
		{7206C83D-B737-A846-D94E-1B7B9F7CD7AA}.Release|x64.Build.0 = Release|Any CPU
		{7206C83D-B737-A846-D94E-1B7B9F7CD7AA}.Release|x86.ActiveCfg = Release|Any CPU
		{7206C83D-B737-A846-D94E-1B7B9F7CD7AA}.Release|x86.Build.0 = Release|Any CPU
		{C467A1BB-EF5A-DA93-A83F-C809880CD0B3}.Debug|Any CPU.ActiveCfg = Debug|Any CPU
		{C467A1BB-EF5A-DA93-A83F-C809880CD0B3}.Debug|Any CPU.Build.0 = Debug|Any CPU
		{C467A1BB-EF5A-DA93-A83F-C809880CD0B3}.Debug|x64.ActiveCfg = Debug|Any CPU
		{C467A1BB-EF5A-DA93-A83F-C809880CD0B3}.Debug|x64.Build.0 = Debug|Any CPU
		{C467A1BB-EF5A-DA93-A83F-C809880CD0B3}.Debug|x86.ActiveCfg = Debug|Any CPU
		{C467A1BB-EF5A-DA93-A83F-C809880CD0B3}.Debug|x86.Build.0 = Debug|Any CPU
		{C467A1BB-EF5A-DA93-A83F-C809880CD0B3}.Release|Any CPU.ActiveCfg = Release|Any CPU
		{C467A1BB-EF5A-DA93-A83F-C809880CD0B3}.Release|Any CPU.Build.0 = Release|Any CPU
		{C467A1BB-EF5A-DA93-A83F-C809880CD0B3}.Release|x64.ActiveCfg = Release|Any CPU
		{C467A1BB-EF5A-DA93-A83F-C809880CD0B3}.Release|x64.Build.0 = Release|Any CPU
		{C467A1BB-EF5A-DA93-A83F-C809880CD0B3}.Release|x86.ActiveCfg = Release|Any CPU
		{C467A1BB-EF5A-DA93-A83F-C809880CD0B3}.Release|x86.Build.0 = Release|Any CPU
		{2AF89C7C-4FAB-72A5-279E-A5FFCA0280CE}.Debug|Any CPU.ActiveCfg = Debug|Any CPU
		{2AF89C7C-4FAB-72A5-279E-A5FFCA0280CE}.Debug|Any CPU.Build.0 = Debug|Any CPU
		{2AF89C7C-4FAB-72A5-279E-A5FFCA0280CE}.Debug|x64.ActiveCfg = Debug|Any CPU
		{2AF89C7C-4FAB-72A5-279E-A5FFCA0280CE}.Debug|x64.Build.0 = Debug|Any CPU
		{2AF89C7C-4FAB-72A5-279E-A5FFCA0280CE}.Debug|x86.ActiveCfg = Debug|Any CPU
		{2AF89C7C-4FAB-72A5-279E-A5FFCA0280CE}.Debug|x86.Build.0 = Debug|Any CPU
		{2AF89C7C-4FAB-72A5-279E-A5FFCA0280CE}.Release|Any CPU.ActiveCfg = Release|Any CPU
		{2AF89C7C-4FAB-72A5-279E-A5FFCA0280CE}.Release|Any CPU.Build.0 = Release|Any CPU
		{2AF89C7C-4FAB-72A5-279E-A5FFCA0280CE}.Release|x64.ActiveCfg = Release|Any CPU
		{2AF89C7C-4FAB-72A5-279E-A5FFCA0280CE}.Release|x64.Build.0 = Release|Any CPU
		{2AF89C7C-4FAB-72A5-279E-A5FFCA0280CE}.Release|x86.ActiveCfg = Release|Any CPU
		{2AF89C7C-4FAB-72A5-279E-A5FFCA0280CE}.Release|x86.Build.0 = Release|Any CPU
		{D32863FE-C053-4C7F-96E8-267FC82A603F}.Debug|Any CPU.ActiveCfg = Debug|Any CPU
		{D32863FE-C053-4C7F-96E8-267FC82A603F}.Debug|Any CPU.Build.0 = Debug|Any CPU
		{D32863FE-C053-4C7F-96E8-267FC82A603F}.Debug|x64.ActiveCfg = Debug|Any CPU
		{D32863FE-C053-4C7F-96E8-267FC82A603F}.Debug|x64.Build.0 = Debug|Any CPU
		{D32863FE-C053-4C7F-96E8-267FC82A603F}.Debug|x86.ActiveCfg = Debug|Any CPU
		{D32863FE-C053-4C7F-96E8-267FC82A603F}.Debug|x86.Build.0 = Debug|Any CPU
		{D32863FE-C053-4C7F-96E8-267FC82A603F}.Release|Any CPU.ActiveCfg = Release|Any CPU
		{D32863FE-C053-4C7F-96E8-267FC82A603F}.Release|Any CPU.Build.0 = Release|Any CPU
		{D32863FE-C053-4C7F-96E8-267FC82A603F}.Release|x64.ActiveCfg = Release|Any CPU
		{D32863FE-C053-4C7F-96E8-267FC82A603F}.Release|x64.Build.0 = Release|Any CPU
		{D32863FE-C053-4C7F-96E8-267FC82A603F}.Release|x86.ActiveCfg = Release|Any CPU
		{D32863FE-C053-4C7F-96E8-267FC82A603F}.Release|x86.Build.0 = Release|Any CPU
		{81DDED9D-158B-E303-5F62-77A2896D2A5A}.Debug|Any CPU.ActiveCfg = Debug|Any CPU
		{81DDED9D-158B-E303-5F62-77A2896D2A5A}.Debug|Any CPU.Build.0 = Debug|Any CPU
		{81DDED9D-158B-E303-5F62-77A2896D2A5A}.Debug|x64.ActiveCfg = Debug|Any CPU
		{81DDED9D-158B-E303-5F62-77A2896D2A5A}.Debug|x64.Build.0 = Debug|Any CPU
		{81DDED9D-158B-E303-5F62-77A2896D2A5A}.Debug|x86.ActiveCfg = Debug|Any CPU
		{81DDED9D-158B-E303-5F62-77A2896D2A5A}.Debug|x86.Build.0 = Debug|Any CPU
		{81DDED9D-158B-E303-5F62-77A2896D2A5A}.Release|Any CPU.ActiveCfg = Release|Any CPU
		{81DDED9D-158B-E303-5F62-77A2896D2A5A}.Release|Any CPU.Build.0 = Release|Any CPU
		{81DDED9D-158B-E303-5F62-77A2896D2A5A}.Release|x64.ActiveCfg = Release|Any CPU
		{81DDED9D-158B-E303-5F62-77A2896D2A5A}.Release|x64.Build.0 = Release|Any CPU
		{81DDED9D-158B-E303-5F62-77A2896D2A5A}.Release|x86.ActiveCfg = Release|Any CPU
		{81DDED9D-158B-E303-5F62-77A2896D2A5A}.Release|x86.Build.0 = Release|Any CPU
	EndGlobalSection
	GlobalSection(SolutionProperties) = preSolution
		HideSolutionNode = FALSE
	EndGlobalSection
	GlobalSection(ExtensibilityGlobals) = postSolution
		SolutionGuid = {7E4E7F37-1A35-4353-A556-CBF8713D3A0A}
	EndGlobalSection
EndGlobal
